// !$*UTF8*$!
{
	archiveVersion = 1;
	classes = {
	};
	objectVersion = 48;
	objects = {

/* Begin PBXBuildFile section */
		B518B0131FFAF0B600192D2F /* Mantle in Resources */ = {isa = PBXBuildFile; fileRef = B518B0121FFAF0B600192D2F /* Mantle */; };
		B53E32AC1FFB037900681170 /* DailyRoutineTableViewController.m in Sources */ = {isa = PBXBuildFile; fileRef = B53E32AB1FFB037900681170 /* DailyRoutineTableViewController.m */; };
		B53E32AF1FFB03C800681170 /* HeadacheLogTableViewController.m in Sources */ = {isa = PBXBuildFile; fileRef = B53E32AE1FFB03C800681170 /* HeadacheLogTableViewController.m */; };
		B53E32B21FFB041200681170 /* PreventionTableViewController.m in Sources */ = {isa = PBXBuildFile; fileRef = B53E32B11FFB041200681170 /* PreventionTableViewController.m */; };
		B53E32B51FFB044100681170 /* ReportsTableViewController.m in Sources */ = {isa = PBXBuildFile; fileRef = B53E32B41FFB044100681170 /* ReportsTableViewController.m */; };
		B53E32BC1FFB06AD00681170 /* HeadacheLogTableViewCell.m in Sources */ = {isa = PBXBuildFile; fileRef = B53E32BB1FFB06AD00681170 /* HeadacheLogTableViewCell.m */; };
		B53E32BF1FFB06CC00681170 /* PreventionTableViewCell.m in Sources */ = {isa = PBXBuildFile; fileRef = B53E32BE1FFB06CC00681170 /* PreventionTableViewCell.m */; };
		B53E32C21FFB06E100681170 /* ReportsTableViewCell.m in Sources */ = {isa = PBXBuildFile; fileRef = B53E32C11FFB06E100681170 /* ReportsTableViewCell.m */; };
		B59B5B451FFAA30E0069F46E /* AppDelegate.m in Sources */ = {isa = PBXBuildFile; fileRef = B59B5B441FFAA30E0069F46E /* AppDelegate.m */; };
		B59B5B4E1FFAA30E0069F46E /* Main.storyboard in Resources */ = {isa = PBXBuildFile; fileRef = B59B5B4C1FFAA30E0069F46E /* Main.storyboard */; };
		B59B5B501FFAA30E0069F46E /* Assets.xcassets in Resources */ = {isa = PBXBuildFile; fileRef = B59B5B4F1FFAA30E0069F46E /* Assets.xcassets */; };
		B59B5B531FFAA30E0069F46E /* LaunchScreen.storyboard in Resources */ = {isa = PBXBuildFile; fileRef = B59B5B511FFAA30E0069F46E /* LaunchScreen.storyboard */; };
		B59B5B561FFAA30E0069F46E /* main.m in Sources */ = {isa = PBXBuildFile; fileRef = B59B5B551FFAA30E0069F46E /* main.m */; };
		B59B5B5E1FFAA3330069F46E /* README in Resources */ = {isa = PBXBuildFile; fileRef = B59B5B5C1FFAA3320069F46E /* README */; };
		B59B5B5F1FFAA3330069F46E /* LICENSE in Resources */ = {isa = PBXBuildFile; fileRef = B59B5B5D1FFAA3320069F46E /* LICENSE */; };
/* End PBXBuildFile section */

/* Begin PBXCopyFilesBuildPhase section */
		B59B60851FFAA78F0069F46E /* Embed Frameworks */ = {
			isa = PBXCopyFilesBuildPhase;
			buildActionMask = 2147483647;
			dstPath = "";
			dstSubfolderSpec = 10;
			files = (
			);
			name = "Embed Frameworks";
			runOnlyForDeploymentPostprocessing = 0;
		};
/* End PBXCopyFilesBuildPhase section */

/* Begin PBXFileReference section */
		B518B0121FFAF0B600192D2F /* Mantle */ = {isa = PBXFileReference; lastKnownFileType = folder; path = Mantle; sourceTree = "<group>"; };
		B53E32AA1FFB037900681170 /* DailyRoutineTableViewController.h */ = {isa = PBXFileReference; lastKnownFileType = sourcecode.c.h; path = DailyRoutineTableViewController.h; sourceTree = "<group>"; };
		B53E32AB1FFB037900681170 /* DailyRoutineTableViewController.m */ = {isa = PBXFileReference; lastKnownFileType = sourcecode.c.objc; path = DailyRoutineTableViewController.m; sourceTree = "<group>"; };
		B53E32AD1FFB03C800681170 /* HeadacheLogTableViewController.h */ = {isa = PBXFileReference; lastKnownFileType = sourcecode.c.h; path = HeadacheLogTableViewController.h; sourceTree = "<group>"; };
		B53E32AE1FFB03C800681170 /* HeadacheLogTableViewController.m */ = {isa = PBXFileReference; lastKnownFileType = sourcecode.c.objc; path = HeadacheLogTableViewController.m; sourceTree = "<group>"; };
		B53E32B01FFB041200681170 /* PreventionTableViewController.h */ = {isa = PBXFileReference; lastKnownFileType = sourcecode.c.h; path = PreventionTableViewController.h; sourceTree = "<group>"; };
		B53E32B11FFB041200681170 /* PreventionTableViewController.m */ = {isa = PBXFileReference; lastKnownFileType = sourcecode.c.objc; path = PreventionTableViewController.m; sourceTree = "<group>"; };
		B53E32B31FFB044100681170 /* ReportsTableViewController.h */ = {isa = PBXFileReference; lastKnownFileType = sourcecode.c.h; path = ReportsTableViewController.h; sourceTree = "<group>"; };
		B53E32B41FFB044100681170 /* ReportsTableViewController.m */ = {isa = PBXFileReference; lastKnownFileType = sourcecode.c.objc; path = ReportsTableViewController.m; sourceTree = "<group>"; };
		B53E32BA1FFB06AD00681170 /* HeadacheLogTableViewCell.h */ = {isa = PBXFileReference; lastKnownFileType = sourcecode.c.h; path = HeadacheLogTableViewCell.h; sourceTree = "<group>"; };
		B53E32BB1FFB06AD00681170 /* HeadacheLogTableViewCell.m */ = {isa = PBXFileReference; lastKnownFileType = sourcecode.c.objc; path = HeadacheLogTableViewCell.m; sourceTree = "<group>"; };
		B53E32BD1FFB06CC00681170 /* PreventionTableViewCell.h */ = {isa = PBXFileReference; lastKnownFileType = sourcecode.c.h; path = PreventionTableViewCell.h; sourceTree = "<group>"; };
		B53E32BE1FFB06CC00681170 /* PreventionTableViewCell.m */ = {isa = PBXFileReference; lastKnownFileType = sourcecode.c.objc; path = PreventionTableViewCell.m; sourceTree = "<group>"; };
		B53E32C01FFB06E100681170 /* ReportsTableViewCell.h */ = {isa = PBXFileReference; lastKnownFileType = sourcecode.c.h; path = ReportsTableViewCell.h; sourceTree = "<group>"; };
		B53E32C11FFB06E100681170 /* ReportsTableViewCell.m */ = {isa = PBXFileReference; lastKnownFileType = sourcecode.c.objc; path = ReportsTableViewCell.m; sourceTree = "<group>"; };
		B59B5B401FFAA30E0069F46E /* MyGraine.app */ = {isa = PBXFileReference; explicitFileType = wrapper.application; includeInIndex = 0; path = MyGraine.app; sourceTree = BUILT_PRODUCTS_DIR; };
		B59B5B431FFAA30E0069F46E /* AppDelegate.h */ = {isa = PBXFileReference; lastKnownFileType = sourcecode.c.h; path = AppDelegate.h; sourceTree = "<group>"; };
		B59B5B441FFAA30E0069F46E /* AppDelegate.m */ = {isa = PBXFileReference; lastKnownFileType = sourcecode.c.objc; path = AppDelegate.m; sourceTree = "<group>"; };
		B59B5B4D1FFAA30E0069F46E /* Base */ = {isa = PBXFileReference; lastKnownFileType = file.storyboard; name = Base; path = Base.lproj/Main.storyboard; sourceTree = "<group>"; };
		B59B5B4F1FFAA30E0069F46E /* Assets.xcassets */ = {isa = PBXFileReference; lastKnownFileType = folder.assetcatalog; path = Assets.xcassets; sourceTree = "<group>"; };
		B59B5B521FFAA30E0069F46E /* Base */ = {isa = PBXFileReference; lastKnownFileType = file.storyboard; name = Base; path = Base.lproj/LaunchScreen.storyboard; sourceTree = "<group>"; };
		B59B5B541FFAA30E0069F46E /* Info.plist */ = {isa = PBXFileReference; lastKnownFileType = text.plist.xml; path = Info.plist; sourceTree = "<group>"; };
		B59B5B551FFAA30E0069F46E /* main.m */ = {isa = PBXFileReference; lastKnownFileType = sourcecode.c.objc; path = main.m; sourceTree = "<group>"; };
		B59B5B5C1FFAA3320069F46E /* README */ = {isa = PBXFileReference; fileEncoding = 4; lastKnownFileType = text; path = README; sourceTree = "<group>"; };
		B59B5B5D1FFAA3320069F46E /* LICENSE */ = {isa = PBXFileReference; fileEncoding = 4; lastKnownFileType = text; path = LICENSE; sourceTree = "<group>"; };
/* End PBXFileReference section */

/* Begin PBXFrameworksBuildPhase section */
		B59B5B3D1FFAA30E0069F46E /* Frameworks */ = {
			isa = PBXFrameworksBuildPhase;
			buildActionMask = 2147483647;
			files = (
			);
			runOnlyForDeploymentPostprocessing = 0;
		};
/* End PBXFrameworksBuildPhase section */

/* Begin PBXGroup section */
		B53E32B61FFB067400681170 /* TableView Cells */ = {
			isa = PBXGroup;
			children = (
				B53E32BA1FFB06AD00681170 /* HeadacheLogTableViewCell.h */,
				B53E32BB1FFB06AD00681170 /* HeadacheLogTableViewCell.m */,
				B53E32BD1FFB06CC00681170 /* PreventionTableViewCell.h */,
				B53E32BE1FFB06CC00681170 /* PreventionTableViewCell.m */,
				B53E32C01FFB06E100681170 /* ReportsTableViewCell.h */,
				B53E32C11FFB06E100681170 /* ReportsTableViewCell.m */,
			);
			path = "TableView Cells";
			sourceTree = "<group>";
		};
		B59B5B371FFAA30E0069F46E = {
			isa = PBXGroup;
			children = (
				B59B5B5D1FFAA3320069F46E /* LICENSE */,
				B59B5B5C1FFAA3320069F46E /* README */,
				B59B5B421FFAA30E0069F46E /* MyGraine */,
				B59B5B411FFAA30E0069F46E /* Products */,
				B518B0121FFAF0B600192D2F /* Mantle */,
			);
			sourceTree = "<group>";
		};
		B59B5B411FFAA30E0069F46E /* Products */ = {
			isa = PBXGroup;
			children = (
				B59B5B401FFAA30E0069F46E /* MyGraine.app */,
			);
			name = Products;
			sourceTree = "<group>";
		};
		B59B5B421FFAA30E0069F46E /* MyGraine */ = {
			isa = PBXGroup;
			children = (
				B59B5B631FFAA3A00069F46E /* Model Objects */,
				B59B5B621FFAA3930069F46E /* Model Stores */,
				B59B5B611FFAA38B0069F46E /* View Controllers */,
				B59B5B431FFAA30E0069F46E /* AppDelegate.h */,
				B59B5B441FFAA30E0069F46E /* AppDelegate.m */,
				B59B5B4C1FFAA30E0069F46E /* Main.storyboard */,
				B59B5B511FFAA30E0069F46E /* LaunchScreen.storyboard */,
				B59B5B541FFAA30E0069F46E /* Info.plist */,
				B59B5B601FFAA3700069F46E /* Supporting Files */,
				B59B5B4F1FFAA30E0069F46E /* Assets.xcassets */,
			);
			path = MyGraine;
			sourceTree = "<group>";
		};
		B59B5B601FFAA3700069F46E /* Supporting Files */ = {
			isa = PBXGroup;
			children = (
				B59B5B551FFAA30E0069F46E /* main.m */,
			);
			path = "Supporting Files";
			sourceTree = "<group>";
		};
		B59B5B611FFAA38B0069F46E /* View Controllers */ = {
			isa = PBXGroup;
			children = (
				B53E32B61FFB067400681170 /* TableView Cells */,
				B53E32AA1FFB037900681170 /* DailyRoutineTableViewController.h */,
				B53E32AB1FFB037900681170 /* DailyRoutineTableViewController.m */,
				B53E32AD1FFB03C800681170 /* HeadacheLogTableViewController.h */,
				B53E32AE1FFB03C800681170 /* HeadacheLogTableViewController.m */,
				B53E32B01FFB041200681170 /* PreventionTableViewController.h */,
				B53E32B11FFB041200681170 /* PreventionTableViewController.m */,
				B53E32B31FFB044100681170 /* ReportsTableViewController.h */,
				B53E32B41FFB044100681170 /* ReportsTableViewController.m */,
			);
			path = "View Controllers";
			sourceTree = "<group>";
		};
		B59B5B621FFAA3930069F46E /* Model Stores */ = {
			isa = PBXGroup;
			children = (
			);
			path = "Model Stores";
			sourceTree = "<group>";
		};
		B59B5B631FFAA3A00069F46E /* Model Objects */ = {
			isa = PBXGroup;
			children = (
			);
			path = "Model Objects";
			sourceTree = "<group>";
		};
/* End PBXGroup section */

/* Begin PBXNativeTarget section */
		B59B5B3F1FFAA30E0069F46E /* MyGraine */ = {
			isa = PBXNativeTarget;
			buildConfigurationList = B59B5B591FFAA30E0069F46E /* Build configuration list for PBXNativeTarget "MyGraine" */;
			buildPhases = (
				B59B5B3C1FFAA30E0069F46E /* Sources */,
				B59B5B3D1FFAA30E0069F46E /* Frameworks */,
				B59B5B3E1FFAA30E0069F46E /* Resources */,
				B59B60851FFAA78F0069F46E /* Embed Frameworks */,
			);
			buildRules = (
			);
			dependencies = (
			);
			name = MyGraine;
			productName = MyGraine;
			productReference = B59B5B401FFAA30E0069F46E /* MyGraine.app */;
			productType = "com.apple.product-type.application";
		};
/* End PBXNativeTarget section */

/* Begin PBXProject section */
		B59B5B381FFAA30E0069F46E /* Project object */ = {
			isa = PBXProject;
			attributes = {
				LastUpgradeCheck = 0910;
				ORGANIZATIONNAME = "Pete Maiser";
				TargetAttributes = {
					B59B5B3F1FFAA30E0069F46E = {
						CreatedOnToolsVersion = 9.1;
						ProvisioningStyle = Automatic;
					};
				};
			};
			buildConfigurationList = B59B5B3B1FFAA30E0069F46E /* Build configuration list for PBXProject "MyGraine" */;
			compatibilityVersion = "Xcode 8.0";
			developmentRegion = en;
			hasScannedForEncodings = 0;
			knownRegions = (
				en,
				Base,
			);
			mainGroup = B59B5B371FFAA30E0069F46E;
			productRefGroup = B59B5B411FFAA30E0069F46E /* Products */;
			projectDirPath = "";
			projectRoot = "";
			targets = (
				B59B5B3F1FFAA30E0069F46E /* MyGraine */,
			);
		};
/* End PBXProject section */

/* Begin PBXResourcesBuildPhase section */
		B59B5B3E1FFAA30E0069F46E /* Resources */ = {
			isa = PBXResourcesBuildPhase;
			buildActionMask = 2147483647;
			files = (
				B59B5B5E1FFAA3330069F46E /* README in Resources */,
				B59B5B531FFAA30E0069F46E /* LaunchScreen.storyboard in Resources */,
				B59B5B501FFAA30E0069F46E /* Assets.xcassets in Resources */,
				B59B5B4E1FFAA30E0069F46E /* Main.storyboard in Resources */,
				B59B5B5F1FFAA3330069F46E /* LICENSE in Resources */,
				B518B0131FFAF0B600192D2F /* Mantle in Resources */,
			);
			runOnlyForDeploymentPostprocessing = 0;
		};
/* End PBXResourcesBuildPhase section */

/* Begin PBXSourcesBuildPhase section */
		B59B5B3C1FFAA30E0069F46E /* Sources */ = {
			isa = PBXSourcesBuildPhase;
			buildActionMask = 2147483647;
			files = (
				B59B5B451FFAA30E0069F46E /* AppDelegate.m in Sources */,
				B53E32BF1FFB06CC00681170 /* PreventionTableViewCell.m in Sources */,
				B59B5B561FFAA30E0069F46E /* main.m in Sources */,
				B53E32C21FFB06E100681170 /* ReportsTableViewCell.m in Sources */,
				B53E32B21FFB041200681170 /* PreventionTableViewController.m in Sources */,
				B53E32AC1FFB037900681170 /* DailyRoutineTableViewController.m in Sources */,
				B53E32BC1FFB06AD00681170 /* HeadacheLogTableViewCell.m in Sources */,
				B53E32B51FFB044100681170 /* ReportsTableViewController.m in Sources */,
				B53E32AF1FFB03C800681170 /* HeadacheLogTableViewController.m in Sources */,
			);
			runOnlyForDeploymentPostprocessing = 0;
		};
/* End PBXSourcesBuildPhase section */

/* Begin PBXVariantGroup section */
		B59B5B4C1FFAA30E0069F46E /* Main.storyboard */ = {
			isa = PBXVariantGroup;
			children = (
				B59B5B4D1FFAA30E0069F46E /* Base */,
			);
			name = Main.storyboard;
			sourceTree = "<group>";
		};
		B59B5B511FFAA30E0069F46E /* LaunchScreen.storyboard */ = {
			isa = PBXVariantGroup;
			children = (
				B59B5B521FFAA30E0069F46E /* Base */,
			);
			name = LaunchScreen.storyboard;
			sourceTree = "<group>";
		};
/* End PBXVariantGroup section */

/* Begin XCBuildConfiguration section */
		B59B5B571FFAA30E0069F46E /* Debug */ = {
			isa = XCBuildConfiguration;
			buildSettings = {
				ALWAYS_SEARCH_USER_PATHS = NO;
				CLANG_ANALYZER_NONNULL = YES;
				CLANG_ANALYZER_NUMBER_OBJECT_CONVERSION = YES_AGGRESSIVE;
				CLANG_CXX_LANGUAGE_STANDARD = "gnu++14";
				CLANG_CXX_LIBRARY = "libc++";
				CLANG_ENABLE_MODULES = YES;
				CLANG_ENABLE_OBJC_ARC = YES;
				CLANG_WARN_BLOCK_CAPTURE_AUTORELEASING = YES;
				CLANG_WARN_BOOL_CONVERSION = YES;
				CLANG_WARN_COMMA = YES;
				CLANG_WARN_CONSTANT_CONVERSION = YES;
				CLANG_WARN_DIRECT_OBJC_ISA_USAGE = YES_ERROR;
				CLANG_WARN_DOCUMENTATION_COMMENTS = YES;
				CLANG_WARN_EMPTY_BODY = YES;
				CLANG_WARN_ENUM_CONVERSION = YES;
				CLANG_WARN_INFINITE_RECURSION = YES;
				CLANG_WARN_INT_CONVERSION = YES;
				CLANG_WARN_NON_LITERAL_NULL_CONVERSION = YES;
				CLANG_WARN_OBJC_LITERAL_CONVERSION = YES;
				CLANG_WARN_OBJC_ROOT_CLASS = YES_ERROR;
				CLANG_WARN_RANGE_LOOP_ANALYSIS = YES;
				CLANG_WARN_STRICT_PROTOTYPES = YES;
				CLANG_WARN_SUSPICIOUS_MOVE = YES;
				CLANG_WARN_UNGUARDED_AVAILABILITY = YES_AGGRESSIVE;
				CLANG_WARN_UNREACHABLE_CODE = YES;
				CLANG_WARN__DUPLICATE_METHOD_MATCH = YES;
				CODE_SIGN_IDENTITY = "iPhone Developer";
				COPY_PHASE_STRIP = NO;
				DEBUG_INFORMATION_FORMAT = dwarf;
				ENABLE_STRICT_OBJC_MSGSEND = YES;
				ENABLE_TESTABILITY = YES;
				GCC_C_LANGUAGE_STANDARD = gnu11;
				GCC_DYNAMIC_NO_PIC = NO;
				GCC_NO_COMMON_BLOCKS = YES;
				GCC_OPTIMIZATION_LEVEL = 0;
				GCC_PREPROCESSOR_DEFINITIONS = (
					"DEBUG=1",
					"$(inherited)",
				);
				GCC_WARN_64_TO_32_BIT_CONVERSION = YES;
				GCC_WARN_ABOUT_RETURN_TYPE = YES_ERROR;
				GCC_WARN_UNDECLARED_SELECTOR = YES;
				GCC_WARN_UNINITIALIZED_AUTOS = YES_AGGRESSIVE;
				GCC_WARN_UNUSED_FUNCTION = YES;
				GCC_WARN_UNUSED_VARIABLE = YES;
				IPHONEOS_DEPLOYMENT_TARGET = 9.0;
				MTL_ENABLE_DEBUG_INFO = YES;
				ONLY_ACTIVE_ARCH = YES;
				SDKROOT = iphoneos;
				SWIFT_VERSION = 3.0;
			};
			name = Debug;
		};
		B59B5B581FFAA30E0069F46E /* Release */ = {
			isa = XCBuildConfiguration;
			buildSettings = {
				ALWAYS_SEARCH_USER_PATHS = NO;
				CLANG_ANALYZER_NONNULL = YES;
				CLANG_ANALYZER_NUMBER_OBJECT_CONVERSION = YES_AGGRESSIVE;
				CLANG_CXX_LANGUAGE_STANDARD = "gnu++14";
				CLANG_CXX_LIBRARY = "libc++";
				CLANG_ENABLE_MODULES = YES;
				CLANG_ENABLE_OBJC_ARC = YES;
				CLANG_WARN_BLOCK_CAPTURE_AUTORELEASING = YES;
				CLANG_WARN_BOOL_CONVERSION = YES;
				CLANG_WARN_COMMA = YES;
				CLANG_WARN_CONSTANT_CONVERSION = YES;
				CLANG_WARN_DIRECT_OBJC_ISA_USAGE = YES_ERROR;
				CLANG_WARN_DOCUMENTATION_COMMENTS = YES;
				CLANG_WARN_EMPTY_BODY = YES;
				CLANG_WARN_ENUM_CONVERSION = YES;
				CLANG_WARN_INFINITE_RECURSION = YES;
				CLANG_WARN_INT_CONVERSION = YES;
				CLANG_WARN_NON_LITERAL_NULL_CONVERSION = YES;
				CLANG_WARN_OBJC_LITERAL_CONVERSION = YES;
				CLANG_WARN_OBJC_ROOT_CLASS = YES_ERROR;
				CLANG_WARN_RANGE_LOOP_ANALYSIS = YES;
				CLANG_WARN_STRICT_PROTOTYPES = YES;
				CLANG_WARN_SUSPICIOUS_MOVE = YES;
				CLANG_WARN_UNGUARDED_AVAILABILITY = YES_AGGRESSIVE;
				CLANG_WARN_UNREACHABLE_CODE = YES;
				CLANG_WARN__DUPLICATE_METHOD_MATCH = YES;
				CODE_SIGN_IDENTITY = "iPhone Developer";
				COPY_PHASE_STRIP = NO;
				DEBUG_INFORMATION_FORMAT = "dwarf-with-dsym";
				ENABLE_NS_ASSERTIONS = NO;
				ENABLE_STRICT_OBJC_MSGSEND = YES;
				GCC_C_LANGUAGE_STANDARD = gnu11;
				GCC_NO_COMMON_BLOCKS = YES;
				GCC_WARN_64_TO_32_BIT_CONVERSION = YES;
				GCC_WARN_ABOUT_RETURN_TYPE = YES_ERROR;
				GCC_WARN_UNDECLARED_SELECTOR = YES;
				GCC_WARN_UNINITIALIZED_AUTOS = YES_AGGRESSIVE;
				GCC_WARN_UNUSED_FUNCTION = YES;
				GCC_WARN_UNUSED_VARIABLE = YES;
				IPHONEOS_DEPLOYMENT_TARGET = 9.0;
				MTL_ENABLE_DEBUG_INFO = NO;
				SDKROOT = iphoneos;
				SWIFT_VERSION = 3.0;
				VALIDATE_PRODUCT = YES;
			};
			name = Release;
		};
		B59B5B5A1FFAA30E0069F46E /* Debug */ = {
			isa = XCBuildConfiguration;
			buildSettings = {
				ASSETCATALOG_COMPILER_APPICON_NAME = AppIcon;
				CODE_SIGN_STYLE = Automatic;
				DEVELOPMENT_TEAM = 5M3EYN9AZR;
				INFOPLIST_FILE = MyGraine/Info.plist;
				IPHONEOS_DEPLOYMENT_TARGET = 9.0;
				LD_RUNPATH_SEARCH_PATHS = "$(inherited) @executable_path/Frameworks";
				PRODUCT_BUNDLE_IDENTIFIER = com.maiser.mygraine;
				PRODUCT_NAME = "$(TARGET_NAME)";
				SWIFT_VERSION = 3.0;
				TARGETED_DEVICE_FAMILY = "1,2";
			};
			name = Debug;
		};
		B59B5B5B1FFAA30E0069F46E /* Release */ = {
			isa = XCBuildConfiguration;
			buildSettings = {
				ASSETCATALOG_COMPILER_APPICON_NAME = AppIcon;
				CODE_SIGN_STYLE = Automatic;
				DEVELOPMENT_TEAM = 5M3EYN9AZR;
				INFOPLIST_FILE = MyGraine/Info.plist;
				IPHONEOS_DEPLOYMENT_TARGET = 9.0;
				LD_RUNPATH_SEARCH_PATHS = "$(inherited) @executable_path/Frameworks";
				PRODUCT_BUNDLE_IDENTIFIER = com.maiser.mygraine;
				PRODUCT_NAME = "$(TARGET_NAME)";
				SWIFT_VERSION = 3.0;
				TARGETED_DEVICE_FAMILY = "1,2";
			};
			name = Release;
		};
/* End XCBuildConfiguration section */

/* Begin XCConfigurationList section */
		B59B5B3B1FFAA30E0069F46E /* Build configuration list for PBXProject "MyGraine" */ = {
			isa = XCConfigurationList;
			buildConfigurations = (
				B59B5B571FFAA30E0069F46E /* Debug */,
				B59B5B581FFAA30E0069F46E /* Release */,
			);
			defaultConfigurationIsVisible = 0;
			defaultConfigurationName = Release;
		};
		B59B5B591FFAA30E0069F46E /* Build configuration list for PBXNativeTarget "MyGraine" */ = {
			isa = XCConfigurationList;
			buildConfigurations = (
				B59B5B5A1FFAA30E0069F46E /* Debug */,
				B59B5B5B1FFAA30E0069F46E /* Release */,
			);
			defaultConfigurationIsVisible = 0;
			defaultConfigurationName = Release;
		};
/* End XCConfigurationList section */
	};
	rootObject = B59B5B381FFAA30E0069F46E /* Project object */;
}
